
Microsoft Visual Studio Solution File, Format Version 12.00
# Visual Studio Version 17
VisualStudioVersion = 17.3.32901.215
MinimumVisualStudioVersion = 10.0.40219.1
Project("{FAE04EC0-301F-11D3-BF4B-00C04F79EFBC}") = "лабораторна 1", "лабораторна 1\лабораторна 1.csproj", "{5841CDC4-1302-46F3-9C4A-17F8C4E4CD98}"
EndProject
Global
	GlobalSection(SolutionConfigurationPlatforms) = preSolution
		Debug|Any CPU = Debug|Any CPU
		Release|Any CPU = Release|Any CPU
	EndGlobalSection
	GlobalSection(ProjectConfigurationPlatforms) = postSolution
		{5841CDC4-1302-46F3-9C4A-17F8C4E4CD98}.Debug|Any CPU.ActiveCfg = Debug|Any CPU
		{5841CDC4-1302-46F3-9C4A-17F8C4E4CD98}.Debug|Any CPU.Build.0 = Debug|Any CPU
		{5841CDC4-1302-46F3-9C4A-17F8C4E4CD98}.Release|Any CPU.ActiveCfg = Release|Any CPU
		{5841CDC4-1302-46F3-9C4A-17F8C4E4CD98}.Release|Any CPU.Build.0 = Release|Any CPU
	EndGlobalSection
	GlobalSection(SolutionProperties) = preSolution
		HideSolutionNode = FALSE
	EndGlobalSection
	GlobalSection(ExtensibilityGlobals) = postSolution
		SolutionGuid = {587D1820-3527-42AE-A7F2-DC9350AC48EA}
	EndGlobalSection
EndGlobal
